
Microsoft Visual Studio Solution File, Format Version 12.00
# Visual Studio 15
Project("{FAE04EC0-301F-11D3-BF4B-00C04F79EFBC}") = "Assembly-CSharp", "Assembly-CSharp.csproj", "{047D51EC-2E92-8F03-04C9-F5E877E6319E}"
EndProject
Global
	GlobalSection(SolutionConfigurationPlatforms) = preSolution
		Debug|Any CPU = Debug|Any CPU
		Release|Any CPU = Release|Any CPU
	EndGlobalSection
	GlobalSection(ProjectConfigurationPlatforms) = postSolution
		{047D51EC-2E92-8F03-04C9-F5E877E6319E}.Debug|Any CPU.ActiveCfg = Debug|Any CPU
		{047D51EC-2E92-8F03-04C9-F5E877E6319E}.Debug|Any CPU.Build.0 = Debug|Any CPU
		{047D51EC-2E92-8F03-04C9-F5E877E6319E}.Release|Any CPU.ActiveCfg = Release|Any CPU
		{047D51EC-2E92-8F03-04C9-F5E877E6319E}.Release|Any CPU.Build.0 = Release|Any CPU
	EndGlobalSection
	GlobalSection(SolutionProperties) = preSolution
		HideSolutionNode = FALSE
	EndGlobalSection
EndGlobal
